
Microsoft Visual Studio Solution File, Format Version 12.00
Project("{FAE04EC0-301F-11D3-BF4B-00C04F79EFBC}") = "WindowRegistration", "WindowRegistration\WindowRegistration.csproj", "{CA60A3CA-1D26-4880-BA0A-CCE4DBD35346}"
EndProject
Global
	GlobalSection(SolutionConfigurationPlatforms) = preSolution
		Debug|Any CPU = Debug|Any CPU
		Release|Any CPU = Release|Any CPU
	EndGlobalSection
	GlobalSection(ProjectConfigurationPlatforms) = postSolution
		{CA60A3CA-1D26-4880-BA0A-CCE4DBD35346}.Debug|Any CPU.ActiveCfg = Debug|Any CPU
		{CA60A3CA-1D26-4880-BA0A-CCE4DBD35346}.Debug|Any CPU.Build.0 = Debug|Any CPU
		{CA60A3CA-1D26-4880-BA0A-CCE4DBD35346}.Release|Any CPU.ActiveCfg = Release|Any CPU
		{CA60A3CA-1D26-4880-BA0A-CCE4DBD35346}.Release|Any CPU.Build.0 = Release|Any CPU
	EndGlobalSection
EndGlobal
